
Microsoft Visual Studio Solution File, Format Version 12.00
# Visual Studio Version 16
VisualStudioVersion = 16.0.33927.289
MinimumVisualStudioVersion = 10.0.40219.1
Project("{8BC9CEB8-8B4A-11D0-8D11-00A0C91BC942}") = "ProcenkoLab5_2", "ProcenkoLab5_2\ProcenkoLab5_2.vcxproj", "{5086726C-6E05-44F9-BB94-37EC9BC26340}"
EndProject
Global
	GlobalSection(SolutionConfigurationPlatforms) = preSolution
		Debug|x64 = Debug|x64
		Debug|x86 = Debug|x86
		Release|x64 = Release|x64
		Release|x86 = Release|x86
	EndGlobalSection
	GlobalSection(ProjectConfigurationPlatforms) = postSolution
		{5086726C-6E05-44F9-BB94-37EC9BC26340}.Debug|x64.ActiveCfg = Debug|x64
		{5086726C-6E05-44F9-BB94-37EC9BC26340}.Debug|x64.Build.0 = Debug|x64
		{5086726C-6E05-44F9-BB94-37EC9BC26340}.Debug|x86.ActiveCfg = Debug|Win32
		{5086726C-6E05-44F9-BB94-37EC9BC26340}.Debug|x86.Build.0 = Debug|Win32
		{5086726C-6E05-44F9-BB94-37EC9BC26340}.Release|x64.ActiveCfg = Release|x64
		{5086726C-6E05-44F9-BB94-37EC9BC26340}.Release|x64.Build.0 = Release|x64
		{5086726C-6E05-44F9-BB94-37EC9BC26340}.Release|x86.ActiveCfg = Release|Win32
		{5086726C-6E05-44F9-BB94-37EC9BC26340}.Release|x86.Build.0 = Release|Win32
	EndGlobalSection
	GlobalSection(SolutionProperties) = preSolution
		HideSolutionNode = FALSE
	EndGlobalSection
	GlobalSection(ExtensibilityGlobals) = postSolution
		SolutionGuid = {2C5E3F0A-23C7-45D6-AC70-33005A363DF1}
	EndGlobalSection
EndGlobal
